
Microsoft Visual Studio Solution File, Format Version 12.00
# Visual Studio Version 16
VisualStudioVersion = 16.0.29926.136
MinimumVisualStudioVersion = 10.0.40219.1
Project("{9A19103F-16F7-4668-BE54-9A1E7A4F7556}") = "RedBlackTree", "LearnCsharp\RedBlackTree.csproj", "{46DDC0B0-0F03-4721-921C-5F713FB1B038}"
EndProject
Global
	GlobalSection(SolutionConfigurationPlatforms) = preSolution
		Debug|Any CPU = Debug|Any CPU
		Release|Any CPU = Release|Any CPU
	EndGlobalSection
	GlobalSection(ProjectConfigurationPlatforms) = postSolution
		{46DDC0B0-0F03-4721-921C-5F713FB1B038}.Debug|Any CPU.ActiveCfg = Debug|Any CPU
		{46DDC0B0-0F03-4721-921C-5F713FB1B038}.Debug|Any CPU.Build.0 = Debug|Any CPU
		{46DDC0B0-0F03-4721-921C-5F713FB1B038}.Release|Any CPU.ActiveCfg = Release|Any CPU
		{46DDC0B0-0F03-4721-921C-5F713FB1B038}.Release|Any CPU.Build.0 = Release|Any CPU
	EndGlobalSection
	GlobalSection(SolutionProperties) = preSolution
		HideSolutionNode = FALSE
	EndGlobalSection
	GlobalSection(ExtensibilityGlobals) = postSolution
		SolutionGuid = {75B91EE5-8D28-4E90-B4FB-5BEA04DD2992}
	EndGlobalSection
EndGlobal
